
Microsoft Visual Studio Solution File, Format Version 12.00
# Visual Studio Version 16
VisualStudioVersion = 16.0.29306.81
MinimumVisualStudioVersion = 10.0.40219.1
Project("{FAE04EC0-301F-11D3-BF4B-00C04F79EFBC}") = "QuizV2", "QuizV2\QuizV2.csproj", "{5E5D9BED-C313-437C-9510-54FA0B4E8BE2}"
EndProject
Global
	GlobalSection(SolutionConfigurationPlatforms) = preSolution
		Debug|Any CPU = Debug|Any CPU
		Deploy|Any CPU = Deploy|Any CPU
		Release|Any CPU = Release|Any CPU
	EndGlobalSection
	GlobalSection(ProjectConfigurationPlatforms) = postSolution
		{5E5D9BED-C313-437C-9510-54FA0B4E8BE2}.Debug|Any CPU.ActiveCfg = Debug|Any CPU
		{5E5D9BED-C313-437C-9510-54FA0B4E8BE2}.Debug|Any CPU.Build.0 = Debug|Any CPU
		{5E5D9BED-C313-437C-9510-54FA0B4E8BE2}.Deploy|Any CPU.ActiveCfg = Debug|Any CPU
		{5E5D9BED-C313-437C-9510-54FA0B4E8BE2}.Deploy|Any CPU.Build.0 = Debug|Any CPU
		{5E5D9BED-C313-437C-9510-54FA0B4E8BE2}.Release|Any CPU.ActiveCfg = Release|Any CPU
		{5E5D9BED-C313-437C-9510-54FA0B4E8BE2}.Release|Any CPU.Build.0 = Release|Any CPU
	EndGlobalSection
	GlobalSection(SolutionProperties) = preSolution
		HideSolutionNode = FALSE
	EndGlobalSection
	GlobalSection(ExtensibilityGlobals) = postSolution
		SolutionGuid = {FBE5D1E4-7732-46B6-A598-D81B996BB63B}
	EndGlobalSection
EndGlobal
